// !$*UTF8*$!
{
	archiveVersion = 1;
	classes = {
	};
	objectVersion = 56;
	objects = {

/* Begin PBXBuildFile section */
		E000F9902B06A12B00ACA458 /* AppDelegate.swift in Sources */ = {isa = PBXBuildFile; fileRef = E000F98F2B06A12B00ACA458 /* AppDelegate.swift */; };
		E000F9922B06A12B00ACA458 /* SceneDelegate.swift in Sources */ = {isa = PBXBuildFile; fileRef = E000F9912B06A12B00ACA458 /* SceneDelegate.swift */; };
		E000F9942B06A12B00ACA458 /* ViewController.swift in Sources */ = {isa = PBXBuildFile; fileRef = E000F9932B06A12B00ACA458 /* ViewController.swift */; };
		E000F9972B06A12B00ACA458 /* Main.storyboard in Resources */ = {isa = PBXBuildFile; fileRef = E000F9952B06A12B00ACA458 /* Main.storyboard */; };
		E000F9992B06A12C00ACA458 /* Assets.xcassets in Resources */ = {isa = PBXBuildFile; fileRef = E000F9982B06A12C00ACA458 /* Assets.xcassets */; };
		E000F9A72B06A12C00ACA458 /* CookingAppTests.swift in Sources */ = {isa = PBXBuildFile; fileRef = E000F9A62B06A12C00ACA458 /* CookingAppTests.swift */; };
		E000F9B12B06A12C00ACA458 /* CookingAppUITests.swift in Sources */ = {isa = PBXBuildFile; fileRef = E000F9B02B06A12C00ACA458 /* CookingAppUITests.swift */; };
		E000F9B32B06A12C00ACA458 /* CookingAppUITestsLaunchTests.swift in Sources */ = {isa = PBXBuildFile; fileRef = E000F9B22B06A12C00ACA458 /* CookingAppUITestsLaunchTests.swift */; };
		E000F9C12B06A3F600ACA458 /* SwiftAlertView in Frameworks */ = {isa = PBXBuildFile; productRef = E000F9C02B06A3F600ACA458 /* SwiftAlertView */; };
		E000F9C42B06A41200ACA458 /* Lottie in Frameworks */ = {isa = PBXBuildFile; productRef = E000F9C32B06A41200ACA458 /* Lottie */; };
		E000F9C72B06A42000ACA458 /* PaperOnboarding in Frameworks */ = {isa = PBXBuildFile; productRef = E000F9C62B06A42000ACA458 /* PaperOnboarding */; };
		E000F9CC2B06A53900ACA458 /* LaunchScreen.swift in Sources */ = {isa = PBXBuildFile; fileRef = E000F9CB2B06A53900ACA458 /* LaunchScreen.swift */; };
		E000F9D12B06A5E400ACA458 /* OnBoardingScreen.swift in Sources */ = {isa = PBXBuildFile; fileRef = E000F9D02B06A5E400ACA458 /* OnBoardingScreen.swift */; };
		E000F9D42B06A80200ACA458 /* LottieAnimation.json in Resources */ = {isa = PBXBuildFile; fileRef = E000F9D32B06A80200ACA458 /* LottieAnimation.json */; };
		E000F9D72B06B71400ACA458 /* HomeVC.swift in Sources */ = {isa = PBXBuildFile; fileRef = E000F9D62B06B71400ACA458 /* HomeVC.swift */; };
		E00F24F02B0E442500B36FBC /* GoogleSignIn in Frameworks */ = {isa = PBXBuildFile; productRef = E00F24EF2B0E442500B36FBC /* GoogleSignIn */; };
		E00F24F22B0E442B00B36FBC /* GoogleSignInSwift in Frameworks */ = {isa = PBXBuildFile; productRef = E00F24F12B0E442B00B36FBC /* GoogleSignInSwift */; };
		E05086B72B07A9510022CDE8 /* ALPopup in Frameworks */ = {isa = PBXBuildFile; productRef = E05086B62B07A9510022CDE8 /* ALPopup */; };
		E0A878D52B0B596800E27247 /* RAMReel in Frameworks */ = {isa = PBXBuildFile; productRef = E0A878D42B0B596800E27247 /* RAMReel */; };
		E0A878D92B0B59DC00E27247 /* SearchVC.swift in Sources */ = {isa = PBXBuildFile; fileRef = E0A878D82B0B59DC00E27247 /* SearchVC.swift */; };
		E0A878E22B0B959B00E27247 /* PreLoginVC.swift in Sources */ = {isa = PBXBuildFile; fileRef = E0A878E12B0B959B00E27247 /* PreLoginVC.swift */; };
		E0A878E62B0B960A00E27247 /* LoginVC.swift in Sources */ = {isa = PBXBuildFile; fileRef = E0A878E52B0B960A00E27247 /* LoginVC.swift */; };
		E0B1973F2B0F7BDB006F4FFF /* ForgetPasswordVC.swift in Sources */ = {isa = PBXBuildFile; fileRef = E0B1973E2B0F7BDB006F4FFF /* ForgetPasswordVC.swift */; };
		E0B197432B0F94F1006F4FFF /* SignUpVC.swift in Sources */ = {isa = PBXBuildFile; fileRef = E0B197422B0F94F1006F4FFF /* SignUpVC.swift */; };
/* End PBXBuildFile section */

/* Begin PBXContainerItemProxy section */
		E000F9A32B06A12C00ACA458 /* PBXContainerItemProxy */ = {
			isa = PBXContainerItemProxy;
			containerPortal = E000F9842B06A12B00ACA458 /* Project object */;
			proxyType = 1;
			remoteGlobalIDString = E000F98B2B06A12B00ACA458;
			remoteInfo = CookingApp;
		};
		E000F9AD2B06A12C00ACA458 /* PBXContainerItemProxy */ = {
			isa = PBXContainerItemProxy;
			containerPortal = E000F9842B06A12B00ACA458 /* Project object */;
			proxyType = 1;
			remoteGlobalIDString = E000F98B2B06A12B00ACA458;
			remoteInfo = CookingApp;
		};
/* End PBXContainerItemProxy section */

/* Begin PBXFileReference section */
		E000F98C2B06A12B00ACA458 /* CookingApp.app */ = {isa = PBXFileReference; explicitFileType = wrapper.application; includeInIndex = 0; path = CookingApp.app; sourceTree = BUILT_PRODUCTS_DIR; };
		E000F98F2B06A12B00ACA458 /* AppDelegate.swift */ = {isa = PBXFileReference; lastKnownFileType = sourcecode.swift; path = AppDelegate.swift; sourceTree = "<group>"; };
		E000F9912B06A12B00ACA458 /* SceneDelegate.swift */ = {isa = PBXFileReference; lastKnownFileType = sourcecode.swift; path = SceneDelegate.swift; sourceTree = "<group>"; };
		E000F9932B06A12B00ACA458 /* ViewController.swift */ = {isa = PBXFileReference; lastKnownFileType = sourcecode.swift; path = ViewController.swift; sourceTree = "<group>"; };
		E000F9962B06A12B00ACA458 /* Base */ = {isa = PBXFileReference; lastKnownFileType = file.storyboard; name = Base; path = Base.lproj/Main.storyboard; sourceTree = "<group>"; };
		E000F9982B06A12C00ACA458 /* Assets.xcassets */ = {isa = PBXFileReference; lastKnownFileType = folder.assetcatalog; path = Assets.xcassets; sourceTree = "<group>"; };
		E000F99D2B06A12C00ACA458 /* Info.plist */ = {isa = PBXFileReference; lastKnownFileType = text.plist.xml; path = Info.plist; sourceTree = "<group>"; };
		E000F9A22B06A12C00ACA458 /* CookingAppTests.xctest */ = {isa = PBXFileReference; explicitFileType = wrapper.cfbundle; includeInIndex = 0; path = CookingAppTests.xctest; sourceTree = BUILT_PRODUCTS_DIR; };
		E000F9A62B06A12C00ACA458 /* CookingAppTests.swift */ = {isa = PBXFileReference; lastKnownFileType = sourcecode.swift; path = CookingAppTests.swift; sourceTree = "<group>"; };
		E000F9AC2B06A12C00ACA458 /* CookingAppUITests.xctest */ = {isa = PBXFileReference; explicitFileType = wrapper.cfbundle; includeInIndex = 0; path = CookingAppUITests.xctest; sourceTree = BUILT_PRODUCTS_DIR; };
		E000F9B02B06A12C00ACA458 /* CookingAppUITests.swift */ = {isa = PBXFileReference; lastKnownFileType = sourcecode.swift; path = CookingAppUITests.swift; sourceTree = "<group>"; };
		E000F9B22B06A12C00ACA458 /* CookingAppUITestsLaunchTests.swift */ = {isa = PBXFileReference; lastKnownFileType = sourcecode.swift; path = CookingAppUITestsLaunchTests.swift; sourceTree = "<group>"; };
		E000F9CB2B06A53900ACA458 /* LaunchScreen.swift */ = {isa = PBXFileReference; lastKnownFileType = sourcecode.swift; path = LaunchScreen.swift; sourceTree = "<group>"; };
		E000F9D02B06A5E400ACA458 /* OnBoardingScreen.swift */ = {isa = PBXFileReference; lastKnownFileType = sourcecode.swift; path = OnBoardingScreen.swift; sourceTree = "<group>"; };
		E000F9D32B06A80200ACA458 /* LottieAnimation.json */ = {isa = PBXFileReference; fileEncoding = 4; lastKnownFileType = text.json; path = LottieAnimation.json; sourceTree = "<group>"; };
		E000F9D62B06B71400ACA458 /* HomeVC.swift */ = {isa = PBXFileReference; lastKnownFileType = sourcecode.swift; path = HomeVC.swift; sourceTree = "<group>"; };
		E0A878D82B0B59DC00E27247 /* SearchVC.swift */ = {isa = PBXFileReference; lastKnownFileType = sourcecode.swift; path = SearchVC.swift; sourceTree = "<group>"; };
		E0A878E12B0B959B00E27247 /* PreLoginVC.swift */ = {isa = PBXFileReference; lastKnownFileType = sourcecode.swift; path = PreLoginVC.swift; sourceTree = "<group>"; };
		E0A878E52B0B960A00E27247 /* LoginVC.swift */ = {isa = PBXFileReference; lastKnownFileType = sourcecode.swift; path = LoginVC.swift; sourceTree = "<group>"; };
		E0B1973E2B0F7BDB006F4FFF /* ForgetPasswordVC.swift */ = {isa = PBXFileReference; lastKnownFileType = sourcecode.swift; path = ForgetPasswordVC.swift; sourceTree = "<group>"; };
		E0B197422B0F94F1006F4FFF /* SignUpVC.swift */ = {isa = PBXFileReference; lastKnownFileType = sourcecode.swift; path = SignUpVC.swift; sourceTree = "<group>"; };
/* End PBXFileReference section */

/* Begin PBXFrameworksBuildPhase section */
		E000F9892B06A12B00ACA458 /* Frameworks */ = {
			isa = PBXFrameworksBuildPhase;
			buildActionMask = 2147483647;
			files = (
				E0A878D52B0B596800E27247 /* RAMReel in Frameworks */,
				E05086B72B07A9510022CDE8 /* ALPopup in Frameworks */,
				E00F24F22B0E442B00B36FBC /* GoogleSignInSwift in Frameworks */,
				E000F9C12B06A3F600ACA458 /* SwiftAlertView in Frameworks */,
				E000F9C42B06A41200ACA458 /* Lottie in Frameworks */,
				E000F9C72B06A42000ACA458 /* PaperOnboarding in Frameworks */,
				E00F24F02B0E442500B36FBC /* GoogleSignIn in Frameworks */,
			);
			runOnlyForDeploymentPostprocessing = 0;
		};
		E000F99F2B06A12C00ACA458 /* Frameworks */ = {
			isa = PBXFrameworksBuildPhase;
			buildActionMask = 2147483647;
			files = (
			);
			runOnlyForDeploymentPostprocessing = 0;
		};
		E000F9A92B06A12C00ACA458 /* Frameworks */ = {
			isa = PBXFrameworksBuildPhase;
			buildActionMask = 2147483647;
			files = (
			);
			runOnlyForDeploymentPostprocessing = 0;
		};
/* End PBXFrameworksBuildPhase section */

/* Begin PBXGroup section */
		E000F9832B06A12B00ACA458 = {
			isa = PBXGroup;
			children = (
				E000F98E2B06A12B00ACA458 /* CookingApp */,
				E000F9A52B06A12C00ACA458 /* CookingAppTests */,
				E000F9AF2B06A12C00ACA458 /* CookingAppUITests */,
				E000F98D2B06A12B00ACA458 /* Products */,
				E00F24EC2B0E437D00B36FBC /* Frameworks */,
			);
			sourceTree = "<group>";
		};
		E000F98D2B06A12B00ACA458 /* Products */ = {
			isa = PBXGroup;
			children = (
				E000F98C2B06A12B00ACA458 /* CookingApp.app */,
				E000F9A22B06A12C00ACA458 /* CookingAppTests.xctest */,
				E000F9AC2B06A12C00ACA458 /* CookingAppUITests.xctest */,
			);
			name = Products;
			sourceTree = "<group>";
		};
		E000F98E2B06A12B00ACA458 /* CookingApp */ = {
			isa = PBXGroup;
			children = (
				E000F9C82B06A43C00ACA458 /* Scene */,
				E000F98F2B06A12B00ACA458 /* AppDelegate.swift */,
				E000F9912B06A12B00ACA458 /* SceneDelegate.swift */,
				E000F9932B06A12B00ACA458 /* ViewController.swift */,
				E000F9952B06A12B00ACA458 /* Main.storyboard */,
				E000F9982B06A12C00ACA458 /* Assets.xcassets */,
				E000F99D2B06A12C00ACA458 /* Info.plist */,
			);
			path = CookingApp;
			sourceTree = "<group>";
		};
		E000F9A52B06A12C00ACA458 /* CookingAppTests */ = {
			isa = PBXGroup;
			children = (
				E000F9A62B06A12C00ACA458 /* CookingAppTests.swift */,
			);
			path = CookingAppTests;
			sourceTree = "<group>";
		};
		E000F9AF2B06A12C00ACA458 /* CookingAppUITests */ = {
			isa = PBXGroup;
			children = (
				E000F9B02B06A12C00ACA458 /* CookingAppUITests.swift */,
				E000F9B22B06A12C00ACA458 /* CookingAppUITestsLaunchTests.swift */,
			);
			path = CookingAppUITests;
			sourceTree = "<group>";
		};
		E000F9C82B06A43C00ACA458 /* Scene */ = {
			isa = PBXGroup;
			children = (
				E0A878DE2B0B918100E27247 /* ProfileScreen */,
				E0A878D62B0B59B100E27247 /* SearchScreen */,
				E000F9D52B06B6E900ACA458 /* HomeScreen */,
				E000F9CE2B06A5A700ACA458 /* OnBoardingScreen */,
				E000F9C92B06A44B00ACA458 /* LauncScreen */,
			);
			path = Scene;
			sourceTree = "<group>";
		};
		E000F9C92B06A44B00ACA458 /* LauncScreen */ = {
			isa = PBXGroup;
			children = (
				E000F9D22B06A7E700ACA458 /* Model */,
				E000F9CA2B06A46300ACA458 /* View */,
			);
			path = LauncScreen;
			sourceTree = "<group>";
		};
		E000F9CA2B06A46300ACA458 /* View */ = {
			isa = PBXGroup;
			children = (
				E000F9CB2B06A53900ACA458 /* LaunchScreen.swift */,
			);
			path = View;
			sourceTree = "<group>";
		};
		E000F9CE2B06A5A700ACA458 /* OnBoardingScreen */ = {
			isa = PBXGroup;
			children = (
				E000F9CF2B06A5C100ACA458 /* View */,
			);
			path = OnBoardingScreen;
			sourceTree = "<group>";
		};
		E000F9CF2B06A5C100ACA458 /* View */ = {
			isa = PBXGroup;
			children = (
				E000F9D02B06A5E400ACA458 /* OnBoardingScreen.swift */,
			);
			path = View;
			sourceTree = "<group>";
		};
		E000F9D22B06A7E700ACA458 /* Model */ = {
			isa = PBXGroup;
			children = (
				E000F9D32B06A80200ACA458 /* LottieAnimation.json */,
			);
			path = Model;
			sourceTree = "<group>";
		};
		E000F9D52B06B6E900ACA458 /* HomeScreen */ = {
			isa = PBXGroup;
			children = (
				E000F9D82B06B71D00ACA458 /* View */,
			);
			path = HomeScreen;
			sourceTree = "<group>";
		};
		E000F9D82B06B71D00ACA458 /* View */ = {
			isa = PBXGroup;
			children = (
				E000F9D62B06B71400ACA458 /* HomeVC.swift */,
			);
			path = View;
			sourceTree = "<group>";
		};
		E00F24EC2B0E437D00B36FBC /* Frameworks */ = {
			isa = PBXGroup;
			children = (
			);
			name = Frameworks;
			sourceTree = "<group>";
		};
		E0A878D62B0B59B100E27247 /* SearchScreen */ = {
			isa = PBXGroup;
			children = (
				E0A878D72B0B59C000E27247 /* View */,
			);
			path = SearchScreen;
			sourceTree = "<group>";
		};
		E0A878D72B0B59C000E27247 /* View */ = {
			isa = PBXGroup;
			children = (
				E0A878D82B0B59DC00E27247 /* SearchVC.swift */,
			);
			path = View;
			sourceTree = "<group>";
		};
		E0A878DE2B0B918100E27247 /* ProfileScreen */ = {
			isa = PBXGroup;
			children = (
				E0B197402B0F94C9006F4FFF /* SignUpScreen */,
				E0B1973C2B0F7B94006F4FFF /* ForgetPasswordScreen */,
				E0A878E02B0B91BC00E27247 /* PreLoginScreen */,
				E0A878DF2B0B919F00E27247 /* LoginScreen */,
			);
			path = ProfileScreen;
			sourceTree = "<group>";
		};
		E0A878DF2B0B919F00E27247 /* LoginScreen */ = {
			isa = PBXGroup;
			children = (
				E0A878E42B0B95F900E27247 /* View */,
			);
			path = LoginScreen;
			sourceTree = "<group>";
		};
		E0A878E02B0B91BC00E27247 /* PreLoginScreen */ = {
			isa = PBXGroup;
			children = (
				E0A878E32B0B95A100E27247 /* View */,
			);
			path = PreLoginScreen;
			sourceTree = "<group>";
		};
		E0A878E32B0B95A100E27247 /* View */ = {
			isa = PBXGroup;
			children = (
				E0A878E12B0B959B00E27247 /* PreLoginVC.swift */,
			);
			path = View;
			sourceTree = "<group>";
		};
		E0A878E42B0B95F900E27247 /* View */ = {
			isa = PBXGroup;
			children = (
				E0A878E52B0B960A00E27247 /* LoginVC.swift */,
			);
			path = View;
			sourceTree = "<group>";
		};
		E0B1973C2B0F7B94006F4FFF /* ForgetPasswordScreen */ = {
			isa = PBXGroup;
			children = (
				E0B1973D2B0F7BA9006F4FFF /* View */,
			);
			path = ForgetPasswordScreen;
			sourceTree = "<group>";
		};
		E0B1973D2B0F7BA9006F4FFF /* View */ = {
			isa = PBXGroup;
			children = (
				E0B1973E2B0F7BDB006F4FFF /* ForgetPasswordVC.swift */,
			);
			path = View;
			sourceTree = "<group>";
		};
		E0B197402B0F94C9006F4FFF /* SignUpScreen */ = {
			isa = PBXGroup;
			children = (
				E0B197412B0F94D9006F4FFF /* View */,
			);
			path = SignUpScreen;
			sourceTree = "<group>";
		};
		E0B197412B0F94D9006F4FFF /* View */ = {
			isa = PBXGroup;
			children = (
				E0B197422B0F94F1006F4FFF /* SignUpVC.swift */,
			);
			path = View;
			sourceTree = "<group>";
		};
/* End PBXGroup section */

/* Begin PBXNativeTarget section */
		E000F98B2B06A12B00ACA458 /* CookingApp */ = {
			isa = PBXNativeTarget;
			buildConfigurationList = E000F9B62B06A12C00ACA458 /* Build configuration list for PBXNativeTarget "CookingApp" */;
			buildPhases = (
				E000F9882B06A12B00ACA458 /* Sources */,
				E000F9892B06A12B00ACA458 /* Frameworks */,
				E000F98A2B06A12B00ACA458 /* Resources */,
			);
			buildRules = (
			);
			dependencies = (
			);
			name = CookingApp;
			packageProductDependencies = (
				E000F9C02B06A3F600ACA458 /* SwiftAlertView */,
				E000F9C32B06A41200ACA458 /* Lottie */,
				E000F9C62B06A42000ACA458 /* PaperOnboarding */,
				E05086B62B07A9510022CDE8 /* ALPopup */,
				E0A878D42B0B596800E27247 /* RAMReel */,
				E00F24EF2B0E442500B36FBC /* GoogleSignIn */,
				E00F24F12B0E442B00B36FBC /* GoogleSignInSwift */,
			);
			productName = CookingApp;
			productReference = E000F98C2B06A12B00ACA458 /* CookingApp.app */;
			productType = "com.apple.product-type.application";
		};
		E000F9A12B06A12C00ACA458 /* CookingAppTests */ = {
			isa = PBXNativeTarget;
			buildConfigurationList = E000F9B92B06A12C00ACA458 /* Build configuration list for PBXNativeTarget "CookingAppTests" */;
			buildPhases = (
				E000F99E2B06A12C00ACA458 /* Sources */,
				E000F99F2B06A12C00ACA458 /* Frameworks */,
				E000F9A02B06A12C00ACA458 /* Resources */,
			);
			buildRules = (
			);
			dependencies = (
				E000F9A42B06A12C00ACA458 /* PBXTargetDependency */,
			);
			name = CookingAppTests;
			productName = CookingAppTests;
			productReference = E000F9A22B06A12C00ACA458 /* CookingAppTests.xctest */;
			productType = "com.apple.product-type.bundle.unit-test";
		};
		E000F9AB2B06A12C00ACA458 /* CookingAppUITests */ = {
			isa = PBXNativeTarget;
			buildConfigurationList = E000F9BC2B06A12C00ACA458 /* Build configuration list for PBXNativeTarget "CookingAppUITests" */;
			buildPhases = (
				E000F9A82B06A12C00ACA458 /* Sources */,
				E000F9A92B06A12C00ACA458 /* Frameworks */,
				E000F9AA2B06A12C00ACA458 /* Resources */,
			);
			buildRules = (
			);
			dependencies = (
				E000F9AE2B06A12C00ACA458 /* PBXTargetDependency */,
			);
			name = CookingAppUITests;
			productName = CookingAppUITests;
			productReference = E000F9AC2B06A12C00ACA458 /* CookingAppUITests.xctest */;
			productType = "com.apple.product-type.bundle.ui-testing";
		};
/* End PBXNativeTarget section */

/* Begin PBXProject section */
		E000F9842B06A12B00ACA458 /* Project object */ = {
			isa = PBXProject;
			attributes = {
				BuildIndependentTargetsInParallel = 1;
				LastSwiftUpdateCheck = 1500;
				LastUpgradeCheck = 1500;
				TargetAttributes = {
					E000F98B2B06A12B00ACA458 = {
						CreatedOnToolsVersion = 15.0.1;
					};
					E000F9A12B06A12C00ACA458 = {
						CreatedOnToolsVersion = 15.0.1;
						TestTargetID = E000F98B2B06A12B00ACA458;
					};
					E000F9AB2B06A12C00ACA458 = {
						CreatedOnToolsVersion = 15.0.1;
						TestTargetID = E000F98B2B06A12B00ACA458;
					};
				};
			};
			buildConfigurationList = E000F9872B06A12B00ACA458 /* Build configuration list for PBXProject "CookingApp" */;
			compatibilityVersion = "Xcode 14.0";
			developmentRegion = en;
			hasScannedForEncodings = 0;
			knownRegions = (
				en,
				Base,
			);
			mainGroup = E000F9832B06A12B00ACA458;
			packageReferences = (
				E000F9BF2B06A3F600ACA458 /* XCRemoteSwiftPackageReference "SwiftAlertView" */,
				E000F9C22B06A41200ACA458 /* XCRemoteSwiftPackageReference "lottie-spm" */,
				E000F9C52B06A42000ACA458 /* XCRemoteSwiftPackageReference "paper-onboarding" */,
				E05086B52B07A9510022CDE8 /* XCRemoteSwiftPackageReference "ALPopup" */,
				E0A878D32B0B596800E27247 /* XCRemoteSwiftPackageReference "reel-search" */,
				E0A878E72B0BA1D400E27247 /* XCRemoteSwiftPackageReference "GoogleSignIn-iOS" */,
			);
			productRefGroup = E000F98D2B06A12B00ACA458 /* Products */;
			projectDirPath = "";
			projectRoot = "";
			targets = (
				E000F98B2B06A12B00ACA458 /* CookingApp */,
				E000F9A12B06A12C00ACA458 /* CookingAppTests */,
				E000F9AB2B06A12C00ACA458 /* CookingAppUITests */,
			);
		};
/* End PBXProject section */

/* Begin PBXResourcesBuildPhase section */
		E000F98A2B06A12B00ACA458 /* Resources */ = {
			isa = PBXResourcesBuildPhase;
			buildActionMask = 2147483647;
			files = (
				E000F9992B06A12C00ACA458 /* Assets.xcassets in Resources */,
				E000F9D42B06A80200ACA458 /* LottieAnimation.json in Resources */,
				E000F9972B06A12B00ACA458 /* Main.storyboard in Resources */,
			);
			runOnlyForDeploymentPostprocessing = 0;
		};
		E000F9A02B06A12C00ACA458 /* Resources */ = {
			isa = PBXResourcesBuildPhase;
			buildActionMask = 2147483647;
			files = (
			);
			runOnlyForDeploymentPostprocessing = 0;
		};
		E000F9AA2B06A12C00ACA458 /* Resources */ = {
			isa = PBXResourcesBuildPhase;
			buildActionMask = 2147483647;
			files = (
			);
			runOnlyForDeploymentPostprocessing = 0;
		};
/* End PBXResourcesBuildPhase section */

/* Begin PBXSourcesBuildPhase section */
		E000F9882B06A12B00ACA458 /* Sources */ = {
			isa = PBXSourcesBuildPhase;
			buildActionMask = 2147483647;
			files = (
				E000F9CC2B06A53900ACA458 /* LaunchScreen.swift in Sources */,
				E000F9942B06A12B00ACA458 /* ViewController.swift in Sources */,
				E000F9902B06A12B00ACA458 /* AppDelegate.swift in Sources */,
				E0B197432B0F94F1006F4FFF /* SignUpVC.swift in Sources */,
				E000F9D72B06B71400ACA458 /* HomeVC.swift in Sources */,
				E0A878E22B0B959B00E27247 /* PreLoginVC.swift in Sources */,
				E0A878E62B0B960A00E27247 /* LoginVC.swift in Sources */,
				E000F9922B06A12B00ACA458 /* SceneDelegate.swift in Sources */,
				E000F9D12B06A5E400ACA458 /* OnBoardingScreen.swift in Sources */,
				E0B1973F2B0F7BDB006F4FFF /* ForgetPasswordVC.swift in Sources */,
				E0A878D92B0B59DC00E27247 /* SearchVC.swift in Sources */,
			);
			runOnlyForDeploymentPostprocessing = 0;
		};
		E000F99E2B06A12C00ACA458 /* Sources */ = {
			isa = PBXSourcesBuildPhase;
			buildActionMask = 2147483647;
			files = (
				E000F9A72B06A12C00ACA458 /* CookingAppTests.swift in Sources */,
			);
			runOnlyForDeploymentPostprocessing = 0;
		};
		E000F9A82B06A12C00ACA458 /* Sources */ = {
			isa = PBXSourcesBuildPhase;
			buildActionMask = 2147483647;
			files = (
				E000F9B12B06A12C00ACA458 /* CookingAppUITests.swift in Sources */,
				E000F9B32B06A12C00ACA458 /* CookingAppUITestsLaunchTests.swift in Sources */,
			);
			runOnlyForDeploymentPostprocessing = 0;
		};
/* End PBXSourcesBuildPhase section */

/* Begin PBXTargetDependency section */
		E000F9A42B06A12C00ACA458 /* PBXTargetDependency */ = {
			isa = PBXTargetDependency;
			target = E000F98B2B06A12B00ACA458 /* CookingApp */;
			targetProxy = E000F9A32B06A12C00ACA458 /* PBXContainerItemProxy */;
		};
		E000F9AE2B06A12C00ACA458 /* PBXTargetDependency */ = {
			isa = PBXTargetDependency;
			target = E000F98B2B06A12B00ACA458 /* CookingApp */;
			targetProxy = E000F9AD2B06A12C00ACA458 /* PBXContainerItemProxy */;
		};
/* End PBXTargetDependency section */

/* Begin PBXVariantGroup section */
		E000F9952B06A12B00ACA458 /* Main.storyboard */ = {
			isa = PBXVariantGroup;
			children = (
				E000F9962B06A12B00ACA458 /* Base */,
			);
			name = Main.storyboard;
			sourceTree = "<group>";
		};
/* End PBXVariantGroup section */

/* Begin XCBuildConfiguration section */
		E000F9B42B06A12C00ACA458 /* Debug */ = {
			isa = XCBuildConfiguration;
			buildSettings = {
				ALWAYS_SEARCH_USER_PATHS = NO;
				ASSETCATALOG_COMPILER_GENERATE_SWIFT_ASSET_SYMBOL_EXTENSIONS = YES;
				CLANG_ANALYZER_NONNULL = YES;
				CLANG_ANALYZER_NUMBER_OBJECT_CONVERSION = YES_AGGRESSIVE;
				CLANG_CXX_LANGUAGE_STANDARD = "gnu++20";
				CLANG_ENABLE_MODULES = YES;
				CLANG_ENABLE_OBJC_ARC = YES;
				CLANG_ENABLE_OBJC_WEAK = YES;
				CLANG_WARN_BLOCK_CAPTURE_AUTORELEASING = YES;
				CLANG_WARN_BOOL_CONVERSION = YES;
				CLANG_WARN_COMMA = YES;
				CLANG_WARN_CONSTANT_CONVERSION = YES;
				CLANG_WARN_DEPRECATED_OBJC_IMPLEMENTATIONS = YES;
				CLANG_WARN_DIRECT_OBJC_ISA_USAGE = YES_ERROR;
				CLANG_WARN_DOCUMENTATION_COMMENTS = YES;
				CLANG_WARN_EMPTY_BODY = YES;
				CLANG_WARN_ENUM_CONVERSION = YES;
				CLANG_WARN_INFINITE_RECURSION = YES;
				CLANG_WARN_INT_CONVERSION = YES;
				CLANG_WARN_NON_LITERAL_NULL_CONVERSION = YES;
				CLANG_WARN_OBJC_IMPLICIT_RETAIN_SELF = YES;
				CLANG_WARN_OBJC_LITERAL_CONVERSION = YES;
				CLANG_WARN_OBJC_ROOT_CLASS = YES_ERROR;
				CLANG_WARN_QUOTED_INCLUDE_IN_FRAMEWORK_HEADER = YES;
				CLANG_WARN_RANGE_LOOP_ANALYSIS = YES;
				CLANG_WARN_STRICT_PROTOTYPES = YES;
				CLANG_WARN_SUSPICIOUS_MOVE = YES;
				CLANG_WARN_UNGUARDED_AVAILABILITY = YES_AGGRESSIVE;
				CLANG_WARN_UNREACHABLE_CODE = YES;
				CLANG_WARN__DUPLICATE_METHOD_MATCH = YES;
				COPY_PHASE_STRIP = NO;
				DEBUG_INFORMATION_FORMAT = dwarf;
				ENABLE_STRICT_OBJC_MSGSEND = YES;
				ENABLE_TESTABILITY = YES;
				ENABLE_USER_SCRIPT_SANDBOXING = YES;
				GCC_C_LANGUAGE_STANDARD = gnu17;
				GCC_DYNAMIC_NO_PIC = NO;
				GCC_NO_COMMON_BLOCKS = YES;
				GCC_OPTIMIZATION_LEVEL = 0;
				GCC_PREPROCESSOR_DEFINITIONS = (
					"DEBUG=1",
					"$(inherited)",
				);
				GCC_WARN_64_TO_32_BIT_CONVERSION = YES;
				GCC_WARN_ABOUT_RETURN_TYPE = YES_ERROR;
				GCC_WARN_UNDECLARED_SELECTOR = YES;
				GCC_WARN_UNINITIALIZED_AUTOS = YES_AGGRESSIVE;
				GCC_WARN_UNUSED_FUNCTION = YES;
				GCC_WARN_UNUSED_VARIABLE = YES;
				IPHONEOS_DEPLOYMENT_TARGET = 17.0;
				LOCALIZATION_PREFERS_STRING_CATALOGS = YES;
				MTL_ENABLE_DEBUG_INFO = INCLUDE_SOURCE;
				MTL_FAST_MATH = YES;
				ONLY_ACTIVE_ARCH = YES;
				SDKROOT = iphoneos;
				SWIFT_ACTIVE_COMPILATION_CONDITIONS = "DEBUG $(inherited)";
				SWIFT_OPTIMIZATION_LEVEL = "-Onone";
			};
			name = Debug;
		};
		E000F9B52B06A12C00ACA458 /* Release */ = {
			isa = XCBuildConfiguration;
			buildSettings = {
				ALWAYS_SEARCH_USER_PATHS = NO;
				ASSETCATALOG_COMPILER_GENERATE_SWIFT_ASSET_SYMBOL_EXTENSIONS = YES;
				CLANG_ANALYZER_NONNULL = YES;
				CLANG_ANALYZER_NUMBER_OBJECT_CONVERSION = YES_AGGRESSIVE;
				CLANG_CXX_LANGUAGE_STANDARD = "gnu++20";
				CLANG_ENABLE_MODULES = YES;
				CLANG_ENABLE_OBJC_ARC = YES;
				CLANG_ENABLE_OBJC_WEAK = YES;
				CLANG_WARN_BLOCK_CAPTURE_AUTORELEASING = YES;
				CLANG_WARN_BOOL_CONVERSION = YES;
				CLANG_WARN_COMMA = YES;
				CLANG_WARN_CONSTANT_CONVERSION = YES;
				CLANG_WARN_DEPRECATED_OBJC_IMPLEMENTATIONS = YES;
				CLANG_WARN_DIRECT_OBJC_ISA_USAGE = YES_ERROR;
				CLANG_WARN_DOCUMENTATION_COMMENTS = YES;
				CLANG_WARN_EMPTY_BODY = YES;
				CLANG_WARN_ENUM_CONVERSION = YES;
				CLANG_WARN_INFINITE_RECURSION = YES;
				CLANG_WARN_INT_CONVERSION = YES;
				CLANG_WARN_NON_LITERAL_NULL_CONVERSION = YES;
				CLANG_WARN_OBJC_IMPLICIT_RETAIN_SELF = YES;
				CLANG_WARN_OBJC_LITERAL_CONVERSION = YES;
				CLANG_WARN_OBJC_ROOT_CLASS = YES_ERROR;
				CLANG_WARN_QUOTED_INCLUDE_IN_FRAMEWORK_HEADER = YES;
				CLANG_WARN_RANGE_LOOP_ANALYSIS = YES;
				CLANG_WARN_STRICT_PROTOTYPES = YES;
				CLANG_WARN_SUSPICIOUS_MOVE = YES;
				CLANG_WARN_UNGUARDED_AVAILABILITY = YES_AGGRESSIVE;
				CLANG_WARN_UNREACHABLE_CODE = YES;
				CLANG_WARN__DUPLICATE_METHOD_MATCH = YES;
				COPY_PHASE_STRIP = NO;
				DEBUG_INFORMATION_FORMAT = "dwarf-with-dsym";
				ENABLE_NS_ASSERTIONS = NO;
				ENABLE_STRICT_OBJC_MSGSEND = YES;
				ENABLE_USER_SCRIPT_SANDBOXING = YES;
				GCC_C_LANGUAGE_STANDARD = gnu17;
				GCC_NO_COMMON_BLOCKS = YES;
				GCC_WARN_64_TO_32_BIT_CONVERSION = YES;
				GCC_WARN_ABOUT_RETURN_TYPE = YES_ERROR;
				GCC_WARN_UNDECLARED_SELECTOR = YES;
				GCC_WARN_UNINITIALIZED_AUTOS = YES_AGGRESSIVE;
				GCC_WARN_UNUSED_FUNCTION = YES;
				GCC_WARN_UNUSED_VARIABLE = YES;
				IPHONEOS_DEPLOYMENT_TARGET = 17.0;
				LOCALIZATION_PREFERS_STRING_CATALOGS = YES;
				MTL_ENABLE_DEBUG_INFO = NO;
				MTL_FAST_MATH = YES;
				SDKROOT = iphoneos;
				SWIFT_COMPILATION_MODE = wholemodule;
				VALIDATE_PRODUCT = YES;
			};
			name = Release;
		};
		E000F9B72B06A12C00ACA458 /* Debug */ = {
			isa = XCBuildConfiguration;
			buildSettings = {
				ASSETCATALOG_COMPILER_APPICON_NAME = AppIcon;
				ASSETCATALOG_COMPILER_GLOBAL_ACCENT_COLOR_NAME = AccentColor;
				CODE_SIGN_IDENTITY = "Apple Development";
				CODE_SIGN_STYLE = Automatic;
				CURRENT_PROJECT_VERSION = 1;
				DEVELOPMENT_TEAM = 39545B6YAC;
				GENERATE_INFOPLIST_FILE = YES;
				INFOPLIST_FILE = CookingApp/Info.plist;
				INFOPLIST_KEY_UIApplicationSupportsIndirectInputEvents = YES;
				INFOPLIST_KEY_UILaunchStoryboardName = LaunchScreen;
				INFOPLIST_KEY_UIMainStoryboardFile = Main;
				INFOPLIST_KEY_UISupportedInterfaceOrientations_iPad = "UIInterfaceOrientationPortrait UIInterfaceOrientationPortraitUpsideDown UIInterfaceOrientationLandscapeLeft UIInterfaceOrientationLandscapeRight";
				INFOPLIST_KEY_UISupportedInterfaceOrientations_iPhone = "UIInterfaceOrientationPortrait UIInterfaceOrientationLandscapeLeft UIInterfaceOrientationLandscapeRight";
				LD_RUNPATH_SEARCH_PATHS = (
					"$(inherited)",
					"@executable_path/Frameworks",
				);
				MARKETING_VERSION = 1.0;
				PRODUCT_BUNDLE_IDENTIFIER = com.CookingApp.CookingApp;
				PRODUCT_NAME = "$(TARGET_NAME)";
				PROVISIONING_PROFILE_SPECIFIER = "";
				SWIFT_EMIT_LOC_STRINGS = YES;
				SWIFT_VERSION = 5.0;
				TARGETED_DEVICE_FAMILY = "1,2";
			};
			name = Debug;
		};
		E000F9B82B06A12C00ACA458 /* Release */ = {
			isa = XCBuildConfiguration;
			buildSettings = {
				ASSETCATALOG_COMPILER_APPICON_NAME = AppIcon;
				ASSETCATALOG_COMPILER_GLOBAL_ACCENT_COLOR_NAME = AccentColor;
				CODE_SIGN_IDENTITY = "Apple Development";
				CODE_SIGN_STYLE = Automatic;
				CURRENT_PROJECT_VERSION = 1;
				DEVELOPMENT_TEAM = 39545B6YAC;
				GENERATE_INFOPLIST_FILE = YES;
				INFOPLIST_FILE = CookingApp/Info.plist;
				INFOPLIST_KEY_UIApplicationSupportsIndirectInputEvents = YES;
				INFOPLIST_KEY_UILaunchStoryboardName = LaunchScreen;
				INFOPLIST_KEY_UIMainStoryboardFile = Main;
				INFOPLIST_KEY_UISupportedInterfaceOrientations_iPad = "UIInterfaceOrientationPortrait UIInterfaceOrientationPortraitUpsideDown UIInterfaceOrientationLandscapeLeft UIInterfaceOrientationLandscapeRight";
				INFOPLIST_KEY_UISupportedInterfaceOrientations_iPhone = "UIInterfaceOrientationPortrait UIInterfaceOrientationLandscapeLeft UIInterfaceOrientationLandscapeRight";
				LD_RUNPATH_SEARCH_PATHS = (
					"$(inherited)",
					"@executable_path/Frameworks",
				);
				MARKETING_VERSION = 1.0;
				PRODUCT_BUNDLE_IDENTIFIER = com.CookingApp.CookingApp;
				PRODUCT_NAME = "$(TARGET_NAME)";
				PROVISIONING_PROFILE_SPECIFIER = "";
				SWIFT_EMIT_LOC_STRINGS = YES;
				SWIFT_VERSION = 5.0;
				TARGETED_DEVICE_FAMILY = "1,2";
			};
			name = Release;
		};
		E000F9BA2B06A12C00ACA458 /* Debug */ = {
			isa = XCBuildConfiguration;
			buildSettings = {
				ALWAYS_EMBED_SWIFT_STANDARD_LIBRARIES = YES;
				BUNDLE_LOADER = "$(TEST_HOST)";
				CODE_SIGN_STYLE = Automatic;
				CURRENT_PROJECT_VERSION = 1;
				DEVELOPMENT_TEAM = 39545B6YAC;
				GENERATE_INFOPLIST_FILE = YES;
				IPHONEOS_DEPLOYMENT_TARGET = 17.0;
				MARKETING_VERSION = 1.0;
				PRODUCT_BUNDLE_IDENTIFIER = com.CookingApp.CookingAppTests;
				PRODUCT_NAME = "$(TARGET_NAME)";
				SWIFT_EMIT_LOC_STRINGS = NO;
				SWIFT_VERSION = 5.0;
				TARGETED_DEVICE_FAMILY = "1,2";
				TEST_HOST = "$(BUILT_PRODUCTS_DIR)/CookingApp.app/$(BUNDLE_EXECUTABLE_FOLDER_PATH)/CookingApp";
			};
			name = Debug;
		};
		E000F9BB2B06A12C00ACA458 /* Release */ = {
			isa = XCBuildConfiguration;
			buildSettings = {
				ALWAYS_EMBED_SWIFT_STANDARD_LIBRARIES = YES;
				BUNDLE_LOADER = "$(TEST_HOST)";
				CODE_SIGN_STYLE = Automatic;
				CURRENT_PROJECT_VERSION = 1;
				DEVELOPMENT_TEAM = 39545B6YAC;
				GENERATE_INFOPLIST_FILE = YES;
				IPHONEOS_DEPLOYMENT_TARGET = 17.0;
				MARKETING_VERSION = 1.0;
				PRODUCT_BUNDLE_IDENTIFIER = com.CookingApp.CookingAppTests;
				PRODUCT_NAME = "$(TARGET_NAME)";
				SWIFT_EMIT_LOC_STRINGS = NO;
				SWIFT_VERSION = 5.0;
				TARGETED_DEVICE_FAMILY = "1,2";
				TEST_HOST = "$(BUILT_PRODUCTS_DIR)/CookingApp.app/$(BUNDLE_EXECUTABLE_FOLDER_PATH)/CookingApp";
			};
			name = Release;
		};
		E000F9BD2B06A12C00ACA458 /* Debug */ = {
			isa = XCBuildConfiguration;
			buildSettings = {
				ALWAYS_EMBED_SWIFT_STANDARD_LIBRARIES = YES;
				CODE_SIGN_STYLE = Automatic;
				CURRENT_PROJECT_VERSION = 1;
				DEVELOPMENT_TEAM = 39545B6YAC;
				GENERATE_INFOPLIST_FILE = YES;
				MARKETING_VERSION = 1.0;
				PRODUCT_BUNDLE_IDENTIFIER = com.CookingApp.CookingAppUITests;
				PRODUCT_NAME = "$(TARGET_NAME)";
				SWIFT_EMIT_LOC_STRINGS = NO;
				SWIFT_VERSION = 5.0;
				TARGETED_DEVICE_FAMILY = "1,2";
				TEST_TARGET_NAME = CookingApp;
			};
			name = Debug;
		};
		E000F9BE2B06A12C00ACA458 /* Release */ = {
			isa = XCBuildConfiguration;
			buildSettings = {
				ALWAYS_EMBED_SWIFT_STANDARD_LIBRARIES = YES;
				CODE_SIGN_STYLE = Automatic;
				CURRENT_PROJECT_VERSION = 1;
				DEVELOPMENT_TEAM = 39545B6YAC;
				GENERATE_INFOPLIST_FILE = YES;
				MARKETING_VERSION = 1.0;
				PRODUCT_BUNDLE_IDENTIFIER = com.CookingApp.CookingAppUITests;
				PRODUCT_NAME = "$(TARGET_NAME)";
				SWIFT_EMIT_LOC_STRINGS = NO;
				SWIFT_VERSION = 5.0;
				TARGETED_DEVICE_FAMILY = "1,2";
				TEST_TARGET_NAME = CookingApp;
			};
			name = Release;
		};
/* End XCBuildConfiguration section */

/* Begin XCConfigurationList section */
		E000F9872B06A12B00ACA458 /* Build configuration list for PBXProject "CookingApp" */ = {
			isa = XCConfigurationList;
			buildConfigurations = (
				E000F9B42B06A12C00ACA458 /* Debug */,
				E000F9B52B06A12C00ACA458 /* Release */,
			);
			defaultConfigurationIsVisible = 0;
			defaultConfigurationName = Release;
		};
		E000F9B62B06A12C00ACA458 /* Build configuration list for PBXNativeTarget "CookingApp" */ = {
			isa = XCConfigurationList;
			buildConfigurations = (
				E000F9B72B06A12C00ACA458 /* Debug */,
				E000F9B82B06A12C00ACA458 /* Release */,
			);
			defaultConfigurationIsVisible = 0;
			defaultConfigurationName = Release;
		};
		E000F9B92B06A12C00ACA458 /* Build configuration list for PBXNativeTarget "CookingAppTests" */ = {
			isa = XCConfigurationList;
			buildConfigurations = (
				E000F9BA2B06A12C00ACA458 /* Debug */,
				E000F9BB2B06A12C00ACA458 /* Release */,
			);
			defaultConfigurationIsVisible = 0;
			defaultConfigurationName = Release;
		};
		E000F9BC2B06A12C00ACA458 /* Build configuration list for PBXNativeTarget "CookingAppUITests" */ = {
			isa = XCConfigurationList;
			buildConfigurations = (
				E000F9BD2B06A12C00ACA458 /* Debug */,
				E000F9BE2B06A12C00ACA458 /* Release */,
			);
			defaultConfigurationIsVisible = 0;
			defaultConfigurationName = Release;
		};
/* End XCConfigurationList section */

/* Begin XCRemoteSwiftPackageReference section */
		E000F9BF2B06A3F600ACA458 /* XCRemoteSwiftPackageReference "SwiftAlertView" */ = {
			isa = XCRemoteSwiftPackageReference;
			repositoryURL = "https://github.com/dinhquan/SwiftAlertView";
			requirement = {
				kind = upToNextMajorVersion;
				minimumVersion = 2.2.1;
			};
		};
		E000F9C22B06A41200ACA458 /* XCRemoteSwiftPackageReference "lottie-spm" */ = {
			isa = XCRemoteSwiftPackageReference;
			repositoryURL = "https://github.com/airbnb/lottie-spm.git";
			requirement = {
				kind = upToNextMajorVersion;
				minimumVersion = 4.3.3;
			};
		};
		E000F9C52B06A42000ACA458 /* XCRemoteSwiftPackageReference "paper-onboarding" */ = {
			isa = XCRemoteSwiftPackageReference;
			repositoryURL = "https://github.com/Ramotion/paper-onboarding.git";
			requirement = {
				kind = upToNextMajorVersion;
				minimumVersion = 6.1.5;
			};
		};
		E05086B52B07A9510022CDE8 /* XCRemoteSwiftPackageReference "ALPopup" */ = {
			isa = XCRemoteSwiftPackageReference;
			repositoryURL = "https://github.com/alxrguz/ALPopup.git";
			requirement = {
				kind = upToNextMajorVersion;
				minimumVersion = 1.1.0;
			};
		};
		E0A878D32B0B596800E27247 /* XCRemoteSwiftPackageReference "reel-search" */ = {
			isa = XCRemoteSwiftPackageReference;
			repositoryURL = "https://github.com/Ramotion/reel-search";
			requirement = {
				kind = upToNextMajorVersion;
				minimumVersion = 4.1.0;
			};
		};
		E0A878E72B0BA1D400E27247 /* XCRemoteSwiftPackageReference "GoogleSignIn-iOS" */ = {
			isa = XCRemoteSwiftPackageReference;
			repositoryURL = "https://github.com/google/GoogleSignIn-iOS";
			requirement = {
				kind = upToNextMajorVersion;
				minimumVersion = 7.0.0;
			};
		};
/* End XCRemoteSwiftPackageReference section */

/* Begin XCSwiftPackageProductDependency section */
		E000F9C02B06A3F600ACA458 /* SwiftAlertView */ = {
			isa = XCSwiftPackageProductDependency;
			package = E000F9BF2B06A3F600ACA458 /* XCRemoteSwiftPackageReference "SwiftAlertView" */;
			productName = SwiftAlertView;
		};
		E000F9C32B06A41200ACA458 /* Lottie */ = {
			isa = XCSwiftPackageProductDependency;
			package = E000F9C22B06A41200ACA458 /* XCRemoteSwiftPackageReference "lottie-spm" */;
			productName = Lottie;
		};
		E000F9C62B06A42000ACA458 /* PaperOnboarding */ = {
			isa = XCSwiftPackageProductDependency;
			package = E000F9C52B06A42000ACA458 /* XCRemoteSwiftPackageReference "paper-onboarding" */;
			productName = PaperOnboarding;
		};
		E00F24EF2B0E442500B36FBC /* GoogleSignIn */ = {
			isa = XCSwiftPackageProductDependency;
			package = E0A878E72B0BA1D400E27247 /* XCRemoteSwiftPackageReference "GoogleSignIn-iOS" */;
			productName = GoogleSignIn;
		};
		E00F24F12B0E442B00B36FBC /* GoogleSignInSwift */ = {
			isa = XCSwiftPackageProductDependency;
			package = E0A878E72B0BA1D400E27247 /* XCRemoteSwiftPackageReference "GoogleSignIn-iOS" */;
			productName = GoogleSignInSwift;
		};
		E05086B62B07A9510022CDE8 /* ALPopup */ = {
			isa = XCSwiftPackageProductDependency;
			package = E05086B52B07A9510022CDE8 /* XCRemoteSwiftPackageReference "ALPopup" */;
			productName = ALPopup;
		};
		E0A878D42B0B596800E27247 /* RAMReel */ = {
			isa = XCSwiftPackageProductDependency;
			package = E0A878D32B0B596800E27247 /* XCRemoteSwiftPackageReference "reel-search" */;
			productName = RAMReel;
		};
/* End XCSwiftPackageProductDependency section */
	};
	rootObject = E000F9842B06A12B00ACA458 /* Project object */;
}
