{
  "pins" : [
    {
      "identity" : "alpopup",
      "kind" : "remoteSourceControl",
      "location" : "https://github.com/alxrguz/ALPopup",
      "state" : {
        "revision" : "d2cab88a04545a6fd3c88a6881f0a546b8f8d8ab",
        "version" : "1.1.0"
      }
    },
    {
      "identity" : "appauth-ios",
      "kind" : "remoteSourceControl",
      "location" : "https://github.com/openid/AppAuth-iOS.git",
      "state" : {
        "revision" : "71cde449f13d453227e687458144bde372d30fc7",
        "version" : "1.6.2"
      }
    },
    {
      "identity" : "googlesignin-ios",
      "kind" : "remoteSourceControl",
      "location" : "https://github.com/google/GoogleSignIn-iOS",
      "state" : {
        "revision" : "7932d33686c1dc4d7df7a919aae47361d1cdfda4",
        "version" : "7.0.0"
      }
    },
    {
      "identity" : "gtm-session-fetcher",
      "kind" : "remoteSourceControl",
      "location" : "https://github.com/google/gtm-session-fetcher.git",
      "state" : {
        "revision" : "d415594121c9e8a4f9d79cecee0965cf35e74dbd",
        "version" : "3.1.1"
      }
    },
    {
      "identity" : "gtmappauth",
      "kind" : "remoteSourceControl",
      "location" : "https://github.com/google/GTMAppAuth.git",
      "state" : {
        "revision" : "cee3c709307912d040bd1e06ca919875a92339c6",
        "version" : "2.0.0"
      }
    },
    {
      "identity" : "kingfisher",
      "kind" : "remoteSourceControl",
      "location" : "https://github.com/onevcat/Kingfisher",
      "state" : {
        "revision" : "add0a87ec4e31e2ca2a0b2085f0559201e4f5918",
        "version" : "7.10.1"
      }
    },
    {
      "identity" : "lottie-spm",
      "kind" : "remoteSourceControl",
      "location" : "https://github.com/airbnb/lottie-spm.git",
      "state" : {
        "revision" : "3e7eb8281ff9ac67e64a3a58a80c0aa9fa388b04",
        "version" : "4.3.3"
      }
    },
    {
      "identity" : "paper-onboarding",
      "kind" : "remoteSourceControl",
      "location" : "https://github.com/Ramotion/paper-onboarding.git",
      "state" : {
        "revision" : "c36df080b1001c385cc14c85f3b1c5ea36531fd0",
        "version" : "6.1.5"
      }
    },
    {
      "identity" : "reel-search",
      "kind" : "remoteSourceControl",
      "location" : "https://github.com/Ramotion/reel-search",
      "state" : {
        "revision" : "ddff5ad1d97aa0567d486e19399319e52cb3fe3c",
        "version" : "4.1.0"
      }
    },
    {
      "identity" : "skeletonview",
      "kind" : "remoteSourceControl",
      "location" : "https://github.com/Juanpe/SkeletonView",
      "state" : {
        "revision" : "739a4f5d78731bebc48811c75fa9e1f4c4cef23e",
        "version" : "1.30.4"
      }
    },
    {
      "identity" : "swiftalertview",
      "kind" : "remoteSourceControl",
      "location" : "https://github.com/dinhquan/SwiftAlertView",
      "state" : {
        "revision" : "601c049861691ea3578e3812d1e9cd548cf46f48",
        "version" : "2.2.1"
      }
    }
  ],
  "version" : 2
}
