// !$*UTF8*$!
{
	archiveVersion = 1;
	classes = {
	};
	objectVersion = 56;
	objects = {

/* Begin PBXBuildFile section */
		E0F20CEF2B234141007EE71A /* AppDelegate.swift in Sources */ = {isa = PBXBuildFile; fileRef = E0F20CEE2B234141007EE71A /* AppDelegate.swift */; };
		E0F20CF12B234141007EE71A /* SceneDelegate.swift in Sources */ = {isa = PBXBuildFile; fileRef = E0F20CF02B234141007EE71A /* SceneDelegate.swift */; };
		E0F20CF32B234141007EE71A /* ViewController.swift in Sources */ = {isa = PBXBuildFile; fileRef = E0F20CF22B234141007EE71A /* ViewController.swift */; };
		E0F20CF62B234141007EE71A /* Main.storyboard in Resources */ = {isa = PBXBuildFile; fileRef = E0F20CF42B234141007EE71A /* Main.storyboard */; };
		E0F20CF82B234143007EE71A /* Assets.xcassets in Resources */ = {isa = PBXBuildFile; fileRef = E0F20CF72B234143007EE71A /* Assets.xcassets */; };
		E0F20CFB2B234143007EE71A /* LaunchScreen.storyboard in Resources */ = {isa = PBXBuildFile; fileRef = E0F20CF92B234143007EE71A /* LaunchScreen.storyboard */; };
		E0F20D062B234143007EE71A /* denemeTests.swift in Sources */ = {isa = PBXBuildFile; fileRef = E0F20D052B234143007EE71A /* denemeTests.swift */; };
		E0F20D102B234143007EE71A /* denemeUITests.swift in Sources */ = {isa = PBXBuildFile; fileRef = E0F20D0F2B234143007EE71A /* denemeUITests.swift */; };
		E0F20D122B234143007EE71A /* denemeUITestsLaunchTests.swift in Sources */ = {isa = PBXBuildFile; fileRef = E0F20D112B234143007EE71A /* denemeUITestsLaunchTests.swift */; };
/* End PBXBuildFile section */

/* Begin PBXContainerItemProxy section */
		E0F20D022B234143007EE71A /* PBXContainerItemProxy */ = {
			isa = PBXContainerItemProxy;
			containerPortal = E0F20CE32B234141007EE71A /* Project object */;
			proxyType = 1;
			remoteGlobalIDString = E0F20CEA2B234141007EE71A;
			remoteInfo = deneme;
		};
		E0F20D0C2B234143007EE71A /* PBXContainerItemProxy */ = {
			isa = PBXContainerItemProxy;
			containerPortal = E0F20CE32B234141007EE71A /* Project object */;
			proxyType = 1;
			remoteGlobalIDString = E0F20CEA2B234141007EE71A;
			remoteInfo = deneme;
		};
/* End PBXContainerItemProxy section */

/* Begin PBXFileReference section */
		E0F20CEB2B234141007EE71A /* deneme.app */ = {isa = PBXFileReference; explicitFileType = wrapper.application; includeInIndex = 0; path = deneme.app; sourceTree = BUILT_PRODUCTS_DIR; };
		E0F20CEE2B234141007EE71A /* AppDelegate.swift */ = {isa = PBXFileReference; lastKnownFileType = sourcecode.swift; path = AppDelegate.swift; sourceTree = "<group>"; };
		E0F20CF02B234141007EE71A /* SceneDelegate.swift */ = {isa = PBXFileReference; lastKnownFileType = sourcecode.swift; path = SceneDelegate.swift; sourceTree = "<group>"; };
		E0F20CF22B234141007EE71A /* ViewController.swift */ = {isa = PBXFileReference; lastKnownFileType = sourcecode.swift; path = ViewController.swift; sourceTree = "<group>"; };
		E0F20CF52B234141007EE71A /* Base */ = {isa = PBXFileReference; lastKnownFileType = file.storyboard; name = Base; path = Base.lproj/Main.storyboard; sourceTree = "<group>"; };
		E0F20CF72B234143007EE71A /* Assets.xcassets */ = {isa = PBXFileReference; lastKnownFileType = folder.assetcatalog; path = Assets.xcassets; sourceTree = "<group>"; };
		E0F20CFA2B234143007EE71A /* Base */ = {isa = PBXFileReference; lastKnownFileType = file.storyboard; name = Base; path = Base.lproj/LaunchScreen.storyboard; sourceTree = "<group>"; };
		E0F20CFC2B234143007EE71A /* Info.plist */ = {isa = PBXFileReference; lastKnownFileType = text.plist.xml; path = Info.plist; sourceTree = "<group>"; };
		E0F20D012B234143007EE71A /* denemeTests.xctest */ = {isa = PBXFileReference; explicitFileType = wrapper.cfbundle; includeInIndex = 0; path = denemeTests.xctest; sourceTree = BUILT_PRODUCTS_DIR; };
		E0F20D052B234143007EE71A /* denemeTests.swift */ = {isa = PBXFileReference; lastKnownFileType = sourcecode.swift; path = denemeTests.swift; sourceTree = "<group>"; };
		E0F20D0B2B234143007EE71A /* denemeUITests.xctest */ = {isa = PBXFileReference; explicitFileType = wrapper.cfbundle; includeInIndex = 0; path = denemeUITests.xctest; sourceTree = BUILT_PRODUCTS_DIR; };
		E0F20D0F2B234143007EE71A /* denemeUITests.swift */ = {isa = PBXFileReference; lastKnownFileType = sourcecode.swift; path = denemeUITests.swift; sourceTree = "<group>"; };
		E0F20D112B234143007EE71A /* denemeUITestsLaunchTests.swift */ = {isa = PBXFileReference; lastKnownFileType = sourcecode.swift; path = denemeUITestsLaunchTests.swift; sourceTree = "<group>"; };
/* End PBXFileReference section */

/* Begin PBXFrameworksBuildPhase section */
		E0F20CE82B234141007EE71A /* Frameworks */ = {
			isa = PBXFrameworksBuildPhase;
			buildActionMask = 2147483647;
			files = (
			);
			runOnlyForDeploymentPostprocessing = 0;
		};
		E0F20CFE2B234143007EE71A /* Frameworks */ = {
			isa = PBXFrameworksBuildPhase;
			buildActionMask = 2147483647;
			files = (
			);
			runOnlyForDeploymentPostprocessing = 0;
		};
		E0F20D082B234143007EE71A /* Frameworks */ = {
			isa = PBXFrameworksBuildPhase;
			buildActionMask = 2147483647;
			files = (
			);
			runOnlyForDeploymentPostprocessing = 0;
		};
/* End PBXFrameworksBuildPhase section */

/* Begin PBXGroup section */
		E0F20CE22B234141007EE71A = {
			isa = PBXGroup;
			children = (
				E0F20CED2B234141007EE71A /* deneme */,
				E0F20D042B234143007EE71A /* denemeTests */,
				E0F20D0E2B234143007EE71A /* denemeUITests */,
				E0F20CEC2B234141007EE71A /* Products */,
			);
			sourceTree = "<group>";
		};
		E0F20CEC2B234141007EE71A /* Products */ = {
			isa = PBXGroup;
			children = (
				E0F20CEB2B234141007EE71A /* deneme.app */,
				E0F20D012B234143007EE71A /* denemeTests.xctest */,
				E0F20D0B2B234143007EE71A /* denemeUITests.xctest */,
			);
			name = Products;
			sourceTree = "<group>";
		};
		E0F20CED2B234141007EE71A /* deneme */ = {
			isa = PBXGroup;
			children = (
				E0F20CEE2B234141007EE71A /* AppDelegate.swift */,
				E0F20CF02B234141007EE71A /* SceneDelegate.swift */,
				E0F20CF22B234141007EE71A /* ViewController.swift */,
				E0F20CF42B234141007EE71A /* Main.storyboard */,
				E0F20CF72B234143007EE71A /* Assets.xcassets */,
				E0F20CF92B234143007EE71A /* LaunchScreen.storyboard */,
				E0F20CFC2B234143007EE71A /* Info.plist */,
			);
			path = deneme;
			sourceTree = "<group>";
		};
		E0F20D042B234143007EE71A /* denemeTests */ = {
			isa = PBXGroup;
			children = (
				E0F20D052B234143007EE71A /* denemeTests.swift */,
			);
			path = denemeTests;
			sourceTree = "<group>";
		};
		E0F20D0E2B234143007EE71A /* denemeUITests */ = {
			isa = PBXGroup;
			children = (
				E0F20D0F2B234143007EE71A /* denemeUITests.swift */,
				E0F20D112B234143007EE71A /* denemeUITestsLaunchTests.swift */,
			);
			path = denemeUITests;
			sourceTree = "<group>";
		};
/* End PBXGroup section */

/* Begin PBXNativeTarget section */
		E0F20CEA2B234141007EE71A /* deneme */ = {
			isa = PBXNativeTarget;
			buildConfigurationList = E0F20D152B234143007EE71A /* Build configuration list for PBXNativeTarget "deneme" */;
			buildPhases = (
				E0F20CE72B234141007EE71A /* Sources */,
				E0F20CE82B234141007EE71A /* Frameworks */,
				E0F20CE92B234141007EE71A /* Resources */,
			);
			buildRules = (
			);
			dependencies = (
			);
			name = deneme;
			productName = deneme;
			productReference = E0F20CEB2B234141007EE71A /* deneme.app */;
			productType = "com.apple.product-type.application";
		};
		E0F20D002B234143007EE71A /* denemeTests */ = {
			isa = PBXNativeTarget;
			buildConfigurationList = E0F20D182B234143007EE71A /* Build configuration list for PBXNativeTarget "denemeTests" */;
			buildPhases = (
				E0F20CFD2B234143007EE71A /* Sources */,
				E0F20CFE2B234143007EE71A /* Frameworks */,
				E0F20CFF2B234143007EE71A /* Resources */,
			);
			buildRules = (
			);
			dependencies = (
				E0F20D032B234143007EE71A /* PBXTargetDependency */,
			);
			name = denemeTests;
			productName = denemeTests;
			productReference = E0F20D012B234143007EE71A /* denemeTests.xctest */;
			productType = "com.apple.product-type.bundle.unit-test";
		};
		E0F20D0A2B234143007EE71A /* denemeUITests */ = {
			isa = PBXNativeTarget;
			buildConfigurationList = E0F20D1B2B234143007EE71A /* Build configuration list for PBXNativeTarget "denemeUITests" */;
			buildPhases = (
				E0F20D072B234143007EE71A /* Sources */,
				E0F20D082B234143007EE71A /* Frameworks */,
				E0F20D092B234143007EE71A /* Resources */,
			);
			buildRules = (
			);
			dependencies = (
				E0F20D0D2B234143007EE71A /* PBXTargetDependency */,
			);
			name = denemeUITests;
			productName = denemeUITests;
			productReference = E0F20D0B2B234143007EE71A /* denemeUITests.xctest */;
			productType = "com.apple.product-type.bundle.ui-testing";
		};
/* End PBXNativeTarget section */

/* Begin PBXProject section */
		E0F20CE32B234141007EE71A /* Project object */ = {
			isa = PBXProject;
			attributes = {
				BuildIndependentTargetsInParallel = 1;
				LastSwiftUpdateCheck = 1500;
				LastUpgradeCheck = 1500;
				TargetAttributes = {
					E0F20CEA2B234141007EE71A = {
						CreatedOnToolsVersion = 15.0.1;
					};
					E0F20D002B234143007EE71A = {
						CreatedOnToolsVersion = 15.0.1;
						TestTargetID = E0F20CEA2B234141007EE71A;
					};
					E0F20D0A2B234143007EE71A = {
						CreatedOnToolsVersion = 15.0.1;
						TestTargetID = E0F20CEA2B234141007EE71A;
					};
				};
			};
			buildConfigurationList = E0F20CE62B234141007EE71A /* Build configuration list for PBXProject "deneme" */;
			compatibilityVersion = "Xcode 14.0";
			developmentRegion = en;
			hasScannedForEncodings = 0;
			knownRegions = (
				en,
				Base,
			);
			mainGroup = E0F20CE22B234141007EE71A;
			productRefGroup = E0F20CEC2B234141007EE71A /* Products */;
			projectDirPath = "";
			projectRoot = "";
			targets = (
				E0F20CEA2B234141007EE71A /* deneme */,
				E0F20D002B234143007EE71A /* denemeTests */,
				E0F20D0A2B234143007EE71A /* denemeUITests */,
			);
		};
/* End PBXProject section */

/* Begin PBXResourcesBuildPhase section */
		E0F20CE92B234141007EE71A /* Resources */ = {
			isa = PBXResourcesBuildPhase;
			buildActionMask = 2147483647;
			files = (
				E0F20CFB2B234143007EE71A /* LaunchScreen.storyboard in Resources */,
				E0F20CF82B234143007EE71A /* Assets.xcassets in Resources */,
				E0F20CF62B234141007EE71A /* Main.storyboard in Resources */,
			);
			runOnlyForDeploymentPostprocessing = 0;
		};
		E0F20CFF2B234143007EE71A /* Resources */ = {
			isa = PBXResourcesBuildPhase;
			buildActionMask = 2147483647;
			files = (
			);
			runOnlyForDeploymentPostprocessing = 0;
		};
		E0F20D092B234143007EE71A /* Resources */ = {
			isa = PBXResourcesBuildPhase;
			buildActionMask = 2147483647;
			files = (
			);
			runOnlyForDeploymentPostprocessing = 0;
		};
/* End PBXResourcesBuildPhase section */

/* Begin PBXSourcesBuildPhase section */
		E0F20CE72B234141007EE71A /* Sources */ = {
			isa = PBXSourcesBuildPhase;
			buildActionMask = 2147483647;
			files = (
				E0F20CF32B234141007EE71A /* ViewController.swift in Sources */,
				E0F20CEF2B234141007EE71A /* AppDelegate.swift in Sources */,
				E0F20CF12B234141007EE71A /* SceneDelegate.swift in Sources */,
			);
			runOnlyForDeploymentPostprocessing = 0;
		};
		E0F20CFD2B234143007EE71A /* Sources */ = {
			isa = PBXSourcesBuildPhase;
			buildActionMask = 2147483647;
			files = (
				E0F20D062B234143007EE71A /* denemeTests.swift in Sources */,
			);
			runOnlyForDeploymentPostprocessing = 0;
		};
		E0F20D072B234143007EE71A /* Sources */ = {
			isa = PBXSourcesBuildPhase;
			buildActionMask = 2147483647;
			files = (
				E0F20D122B234143007EE71A /* denemeUITestsLaunchTests.swift in Sources */,
				E0F20D102B234143007EE71A /* denemeUITests.swift in Sources */,
			);
			runOnlyForDeploymentPostprocessing = 0;
		};
/* End PBXSourcesBuildPhase section */

/* Begin PBXTargetDependency section */
		E0F20D032B234143007EE71A /* PBXTargetDependency */ = {
			isa = PBXTargetDependency;
			target = E0F20CEA2B234141007EE71A /* deneme */;
			targetProxy = E0F20D022B234143007EE71A /* PBXContainerItemProxy */;
		};
		E0F20D0D2B234143007EE71A /* PBXTargetDependency */ = {
			isa = PBXTargetDependency;
			target = E0F20CEA2B234141007EE71A /* deneme */;
			targetProxy = E0F20D0C2B234143007EE71A /* PBXContainerItemProxy */;
		};
/* End PBXTargetDependency section */

/* Begin PBXVariantGroup section */
		E0F20CF42B234141007EE71A /* Main.storyboard */ = {
			isa = PBXVariantGroup;
			children = (
				E0F20CF52B234141007EE71A /* Base */,
			);
			name = Main.storyboard;
			sourceTree = "<group>";
		};
		E0F20CF92B234143007EE71A /* LaunchScreen.storyboard */ = {
			isa = PBXVariantGroup;
			children = (
				E0F20CFA2B234143007EE71A /* Base */,
			);
			name = LaunchScreen.storyboard;
			sourceTree = "<group>";
		};
/* End PBXVariantGroup section */

/* Begin XCBuildConfiguration section */
		E0F20D132B234143007EE71A /* Debug */ = {
			isa = XCBuildConfiguration;
			buildSettings = {
				ALWAYS_SEARCH_USER_PATHS = NO;
				ASSETCATALOG_COMPILER_GENERATE_SWIFT_ASSET_SYMBOL_EXTENSIONS = YES;
				CLANG_ANALYZER_NONNULL = YES;
				CLANG_ANALYZER_NUMBER_OBJECT_CONVERSION = YES_AGGRESSIVE;
				CLANG_CXX_LANGUAGE_STANDARD = "gnu++20";
				CLANG_ENABLE_MODULES = YES;
				CLANG_ENABLE_OBJC_ARC = YES;
				CLANG_ENABLE_OBJC_WEAK = YES;
				CLANG_WARN_BLOCK_CAPTURE_AUTORELEASING = YES;
				CLANG_WARN_BOOL_CONVERSION = YES;
				CLANG_WARN_COMMA = YES;
				CLANG_WARN_CONSTANT_CONVERSION = YES;
				CLANG_WARN_DEPRECATED_OBJC_IMPLEMENTATIONS = YES;
				CLANG_WARN_DIRECT_OBJC_ISA_USAGE = YES_ERROR;
				CLANG_WARN_DOCUMENTATION_COMMENTS = YES;
				CLANG_WARN_EMPTY_BODY = YES;
				CLANG_WARN_ENUM_CONVERSION = YES;
				CLANG_WARN_INFINITE_RECURSION = YES;
				CLANG_WARN_INT_CONVERSION = YES;
				CLANG_WARN_NON_LITERAL_NULL_CONVERSION = YES;
				CLANG_WARN_OBJC_IMPLICIT_RETAIN_SELF = YES;
				CLANG_WARN_OBJC_LITERAL_CONVERSION = YES;
				CLANG_WARN_OBJC_ROOT_CLASS = YES_ERROR;
				CLANG_WARN_QUOTED_INCLUDE_IN_FRAMEWORK_HEADER = YES;
				CLANG_WARN_RANGE_LOOP_ANALYSIS = YES;
				CLANG_WARN_STRICT_PROTOTYPES = YES;
				CLANG_WARN_SUSPICIOUS_MOVE = YES;
				CLANG_WARN_UNGUARDED_AVAILABILITY = YES_AGGRESSIVE;
				CLANG_WARN_UNREACHABLE_CODE = YES;
				CLANG_WARN__DUPLICATE_METHOD_MATCH = YES;
				COPY_PHASE_STRIP = NO;
				DEBUG_INFORMATION_FORMAT = dwarf;
				ENABLE_STRICT_OBJC_MSGSEND = YES;
				ENABLE_TESTABILITY = YES;
				ENABLE_USER_SCRIPT_SANDBOXING = YES;
				GCC_C_LANGUAGE_STANDARD = gnu17;
				GCC_DYNAMIC_NO_PIC = NO;
				GCC_NO_COMMON_BLOCKS = YES;
				GCC_OPTIMIZATION_LEVEL = 0;
				GCC_PREPROCESSOR_DEFINITIONS = (
					"DEBUG=1",
					"$(inherited)",
				);
				GCC_WARN_64_TO_32_BIT_CONVERSION = YES;
				GCC_WARN_ABOUT_RETURN_TYPE = YES_ERROR;
				GCC_WARN_UNDECLARED_SELECTOR = YES;
				GCC_WARN_UNINITIALIZED_AUTOS = YES_AGGRESSIVE;
				GCC_WARN_UNUSED_FUNCTION = YES;
				GCC_WARN_UNUSED_VARIABLE = YES;
				IPHONEOS_DEPLOYMENT_TARGET = 17.0;
				LOCALIZATION_PREFERS_STRING_CATALOGS = YES;
				MTL_ENABLE_DEBUG_INFO = INCLUDE_SOURCE;
				MTL_FAST_MATH = YES;
				ONLY_ACTIVE_ARCH = YES;
				SDKROOT = iphoneos;
				SWIFT_ACTIVE_COMPILATION_CONDITIONS = "DEBUG $(inherited)";
				SWIFT_OPTIMIZATION_LEVEL = "-Onone";
			};
			name = Debug;
		};
		E0F20D142B234143007EE71A /* Release */ = {
			isa = XCBuildConfiguration;
			buildSettings = {
				ALWAYS_SEARCH_USER_PATHS = NO;
				ASSETCATALOG_COMPILER_GENERATE_SWIFT_ASSET_SYMBOL_EXTENSIONS = YES;
				CLANG_ANALYZER_NONNULL = YES;
				CLANG_ANALYZER_NUMBER_OBJECT_CONVERSION = YES_AGGRESSIVE;
				CLANG_CXX_LANGUAGE_STANDARD = "gnu++20";
				CLANG_ENABLE_MODULES = YES;
				CLANG_ENABLE_OBJC_ARC = YES;
				CLANG_ENABLE_OBJC_WEAK = YES;
				CLANG_WARN_BLOCK_CAPTURE_AUTORELEASING = YES;
				CLANG_WARN_BOOL_CONVERSION = YES;
				CLANG_WARN_COMMA = YES;
				CLANG_WARN_CONSTANT_CONVERSION = YES;
				CLANG_WARN_DEPRECATED_OBJC_IMPLEMENTATIONS = YES;
				CLANG_WARN_DIRECT_OBJC_ISA_USAGE = YES_ERROR;
				CLANG_WARN_DOCUMENTATION_COMMENTS = YES;
				CLANG_WARN_EMPTY_BODY = YES;
				CLANG_WARN_ENUM_CONVERSION = YES;
				CLANG_WARN_INFINITE_RECURSION = YES;
				CLANG_WARN_INT_CONVERSION = YES;
				CLANG_WARN_NON_LITERAL_NULL_CONVERSION = YES;
				CLANG_WARN_OBJC_IMPLICIT_RETAIN_SELF = YES;
				CLANG_WARN_OBJC_LITERAL_CONVERSION = YES;
				CLANG_WARN_OBJC_ROOT_CLASS = YES_ERROR;
				CLANG_WARN_QUOTED_INCLUDE_IN_FRAMEWORK_HEADER = YES;
				CLANG_WARN_RANGE_LOOP_ANALYSIS = YES;
				CLANG_WARN_STRICT_PROTOTYPES = YES;
				CLANG_WARN_SUSPICIOUS_MOVE = YES;
				CLANG_WARN_UNGUARDED_AVAILABILITY = YES_AGGRESSIVE;
				CLANG_WARN_UNREACHABLE_CODE = YES;
				CLANG_WARN__DUPLICATE_METHOD_MATCH = YES;
				COPY_PHASE_STRIP = NO;
				DEBUG_INFORMATION_FORMAT = "dwarf-with-dsym";
				ENABLE_NS_ASSERTIONS = NO;
				ENABLE_STRICT_OBJC_MSGSEND = YES;
				ENABLE_USER_SCRIPT_SANDBOXING = YES;
				GCC_C_LANGUAGE_STANDARD = gnu17;
				GCC_NO_COMMON_BLOCKS = YES;
				GCC_WARN_64_TO_32_BIT_CONVERSION = YES;
				GCC_WARN_ABOUT_RETURN_TYPE = YES_ERROR;
				GCC_WARN_UNDECLARED_SELECTOR = YES;
				GCC_WARN_UNINITIALIZED_AUTOS = YES_AGGRESSIVE;
				GCC_WARN_UNUSED_FUNCTION = YES;
				GCC_WARN_UNUSED_VARIABLE = YES;
				IPHONEOS_DEPLOYMENT_TARGET = 17.0;
				LOCALIZATION_PREFERS_STRING_CATALOGS = YES;
				MTL_ENABLE_DEBUG_INFO = NO;
				MTL_FAST_MATH = YES;
				SDKROOT = iphoneos;
				SWIFT_COMPILATION_MODE = wholemodule;
				VALIDATE_PRODUCT = YES;
			};
			name = Release;
		};
		E0F20D162B234143007EE71A /* Debug */ = {
			isa = XCBuildConfiguration;
			buildSettings = {
				ASSETCATALOG_COMPILER_APPICON_NAME = AppIcon;
				ASSETCATALOG_COMPILER_GLOBAL_ACCENT_COLOR_NAME = AccentColor;
				CODE_SIGN_STYLE = Automatic;
				CURRENT_PROJECT_VERSION = 1;
				DEVELOPMENT_TEAM = 39545B6YAC;
				GENERATE_INFOPLIST_FILE = YES;
				INFOPLIST_FILE = deneme/Info.plist;
				INFOPLIST_KEY_UIApplicationSupportsIndirectInputEvents = YES;
				INFOPLIST_KEY_UILaunchStoryboardName = LaunchScreen;
				INFOPLIST_KEY_UIMainStoryboardFile = Main;
				INFOPLIST_KEY_UISupportedInterfaceOrientations_iPad = "UIInterfaceOrientationPortrait UIInterfaceOrientationPortraitUpsideDown UIInterfaceOrientationLandscapeLeft UIInterfaceOrientationLandscapeRight";
				INFOPLIST_KEY_UISupportedInterfaceOrientations_iPhone = "UIInterfaceOrientationPortrait UIInterfaceOrientationLandscapeLeft UIInterfaceOrientationLandscapeRight";
				LD_RUNPATH_SEARCH_PATHS = (
					"$(inherited)",
					"@executable_path/Frameworks",
				);
				MARKETING_VERSION = 1.0;
				PRODUCT_BUNDLE_IDENTIFIER = com.CookingApp.deneme;
				PRODUCT_NAME = "$(TARGET_NAME)";
				SWIFT_EMIT_LOC_STRINGS = YES;
				SWIFT_VERSION = 5.0;
				TARGETED_DEVICE_FAMILY = "1,2";
			};
			name = Debug;
		};
		E0F20D172B234143007EE71A /* Release */ = {
			isa = XCBuildConfiguration;
			buildSettings = {
				ASSETCATALOG_COMPILER_APPICON_NAME = AppIcon;
				ASSETCATALOG_COMPILER_GLOBAL_ACCENT_COLOR_NAME = AccentColor;
				CODE_SIGN_STYLE = Automatic;
				CURRENT_PROJECT_VERSION = 1;
				DEVELOPMENT_TEAM = 39545B6YAC;
				GENERATE_INFOPLIST_FILE = YES;
				INFOPLIST_FILE = deneme/Info.plist;
				INFOPLIST_KEY_UIApplicationSupportsIndirectInputEvents = YES;
				INFOPLIST_KEY_UILaunchStoryboardName = LaunchScreen;
				INFOPLIST_KEY_UIMainStoryboardFile = Main;
				INFOPLIST_KEY_UISupportedInterfaceOrientations_iPad = "UIInterfaceOrientationPortrait UIInterfaceOrientationPortraitUpsideDown UIInterfaceOrientationLandscapeLeft UIInterfaceOrientationLandscapeRight";
				INFOPLIST_KEY_UISupportedInterfaceOrientations_iPhone = "UIInterfaceOrientationPortrait UIInterfaceOrientationLandscapeLeft UIInterfaceOrientationLandscapeRight";
				LD_RUNPATH_SEARCH_PATHS = (
					"$(inherited)",
					"@executable_path/Frameworks",
				);
				MARKETING_VERSION = 1.0;
				PRODUCT_BUNDLE_IDENTIFIER = com.CookingApp.deneme;
				PRODUCT_NAME = "$(TARGET_NAME)";
				SWIFT_EMIT_LOC_STRINGS = YES;
				SWIFT_VERSION = 5.0;
				TARGETED_DEVICE_FAMILY = "1,2";
			};
			name = Release;
		};
		E0F20D192B234143007EE71A /* Debug */ = {
			isa = XCBuildConfiguration;
			buildSettings = {
				ALWAYS_EMBED_SWIFT_STANDARD_LIBRARIES = YES;
				BUNDLE_LOADER = "$(TEST_HOST)";
				CODE_SIGN_STYLE = Automatic;
				CURRENT_PROJECT_VERSION = 1;
				DEVELOPMENT_TEAM = 39545B6YAC;
				GENERATE_INFOPLIST_FILE = YES;
				IPHONEOS_DEPLOYMENT_TARGET = 17.0;
				MARKETING_VERSION = 1.0;
				PRODUCT_BUNDLE_IDENTIFIER = com.CookingApp.denemeTests;
				PRODUCT_NAME = "$(TARGET_NAME)";
				SWIFT_EMIT_LOC_STRINGS = NO;
				SWIFT_VERSION = 5.0;
				TARGETED_DEVICE_FAMILY = "1,2";
				TEST_HOST = "$(BUILT_PRODUCTS_DIR)/deneme.app/$(BUNDLE_EXECUTABLE_FOLDER_PATH)/deneme";
			};
			name = Debug;
		};
		E0F20D1A2B234143007EE71A /* Release */ = {
			isa = XCBuildConfiguration;
			buildSettings = {
				ALWAYS_EMBED_SWIFT_STANDARD_LIBRARIES = YES;
				BUNDLE_LOADER = "$(TEST_HOST)";
				CODE_SIGN_STYLE = Automatic;
				CURRENT_PROJECT_VERSION = 1;
				DEVELOPMENT_TEAM = 39545B6YAC;
				GENERATE_INFOPLIST_FILE = YES;
				IPHONEOS_DEPLOYMENT_TARGET = 17.0;
				MARKETING_VERSION = 1.0;
				PRODUCT_BUNDLE_IDENTIFIER = com.CookingApp.denemeTests;
				PRODUCT_NAME = "$(TARGET_NAME)";
				SWIFT_EMIT_LOC_STRINGS = NO;
				SWIFT_VERSION = 5.0;
				TARGETED_DEVICE_FAMILY = "1,2";
				TEST_HOST = "$(BUILT_PRODUCTS_DIR)/deneme.app/$(BUNDLE_EXECUTABLE_FOLDER_PATH)/deneme";
			};
			name = Release;
		};
		E0F20D1C2B234143007EE71A /* Debug */ = {
			isa = XCBuildConfiguration;
			buildSettings = {
				ALWAYS_EMBED_SWIFT_STANDARD_LIBRARIES = YES;
				CODE_SIGN_STYLE = Automatic;
				CURRENT_PROJECT_VERSION = 1;
				DEVELOPMENT_TEAM = 39545B6YAC;
				GENERATE_INFOPLIST_FILE = YES;
				MARKETING_VERSION = 1.0;
				PRODUCT_BUNDLE_IDENTIFIER = com.CookingApp.denemeUITests;
				PRODUCT_NAME = "$(TARGET_NAME)";
				SWIFT_EMIT_LOC_STRINGS = NO;
				SWIFT_VERSION = 5.0;
				TARGETED_DEVICE_FAMILY = "1,2";
				TEST_TARGET_NAME = deneme;
			};
			name = Debug;
		};
		E0F20D1D2B234143007EE71A /* Release */ = {
			isa = XCBuildConfiguration;
			buildSettings = {
				ALWAYS_EMBED_SWIFT_STANDARD_LIBRARIES = YES;
				CODE_SIGN_STYLE = Automatic;
				CURRENT_PROJECT_VERSION = 1;
				DEVELOPMENT_TEAM = 39545B6YAC;
				GENERATE_INFOPLIST_FILE = YES;
				MARKETING_VERSION = 1.0;
				PRODUCT_BUNDLE_IDENTIFIER = com.CookingApp.denemeUITests;
				PRODUCT_NAME = "$(TARGET_NAME)";
				SWIFT_EMIT_LOC_STRINGS = NO;
				SWIFT_VERSION = 5.0;
				TARGETED_DEVICE_FAMILY = "1,2";
				TEST_TARGET_NAME = deneme;
			};
			name = Release;
		};
/* End XCBuildConfiguration section */

/* Begin XCConfigurationList section */
		E0F20CE62B234141007EE71A /* Build configuration list for PBXProject "deneme" */ = {
			isa = XCConfigurationList;
			buildConfigurations = (
				E0F20D132B234143007EE71A /* Debug */,
				E0F20D142B234143007EE71A /* Release */,
			);
			defaultConfigurationIsVisible = 0;
			defaultConfigurationName = Release;
		};
		E0F20D152B234143007EE71A /* Build configuration list for PBXNativeTarget "deneme" */ = {
			isa = XCConfigurationList;
			buildConfigurations = (
				E0F20D162B234143007EE71A /* Debug */,
				E0F20D172B234143007EE71A /* Release */,
			);
			defaultConfigurationIsVisible = 0;
			defaultConfigurationName = Release;
		};
		E0F20D182B234143007EE71A /* Build configuration list for PBXNativeTarget "denemeTests" */ = {
			isa = XCConfigurationList;
			buildConfigurations = (
				E0F20D192B234143007EE71A /* Debug */,
				E0F20D1A2B234143007EE71A /* Release */,
			);
			defaultConfigurationIsVisible = 0;
			defaultConfigurationName = Release;
		};
		E0F20D1B2B234143007EE71A /* Build configuration list for PBXNativeTarget "denemeUITests" */ = {
			isa = XCConfigurationList;
			buildConfigurations = (
				E0F20D1C2B234143007EE71A /* Debug */,
				E0F20D1D2B234143007EE71A /* Release */,
			);
			defaultConfigurationIsVisible = 0;
			defaultConfigurationName = Release;
		};
/* End XCConfigurationList section */
	};
	rootObject = E0F20CE32B234141007EE71A /* Project object */;
}
